
Microsoft Visual Studio Solution File, Format Version 12.00
# Visual Studio 2013
VisualStudioVersion = 12.0.40629.0
MinimumVisualStudioVersion = 10.0.40219.1
Project("{FAE04EC0-301F-11D3-BF4B-00C04F79EFBC}") = "wsAntecedentes", "wsAntecedentes\wsAntecedentes.csproj", "{CC43C007-7CDE-47FC-BEF0-A19A63B4B99B}"
EndProject
Project("{FAE04EC0-301F-11D3-BF4B-00C04F79EFBC}") = "AuthenticationModule", "AuthenticationModule\AuthenticationModule.csproj", "{F8A66282-21A8-4D96-B39E-F828D22F9EC4}"
EndProject
Global
	GlobalSection(SolutionConfigurationPlatforms) = preSolution
		Debug|Any CPU = Debug|Any CPU
		Release|Any CPU = Release|Any CPU
	EndGlobalSection
	GlobalSection(ProjectConfigurationPlatforms) = postSolution
		{CC43C007-7CDE-47FC-BEF0-A19A63B4B99B}.Debug|Any CPU.ActiveCfg = Debug|Any CPU
		{CC43C007-7CDE-47FC-BEF0-A19A63B4B99B}.Debug|Any CPU.Build.0 = Debug|Any CPU
		{CC43C007-7CDE-47FC-BEF0-A19A63B4B99B}.Release|Any CPU.ActiveCfg = Release|Any CPU
		{CC43C007-7CDE-47FC-BEF0-A19A63B4B99B}.Release|Any CPU.Build.0 = Release|Any CPU
		{F8A66282-21A8-4D96-B39E-F828D22F9EC4}.Debug|Any CPU.ActiveCfg = Debug|Any CPU
		{F8A66282-21A8-4D96-B39E-F828D22F9EC4}.Debug|Any CPU.Build.0 = Debug|Any CPU
		{F8A66282-21A8-4D96-B39E-F828D22F9EC4}.Release|Any CPU.ActiveCfg = Release|Any CPU
		{F8A66282-21A8-4D96-B39E-F828D22F9EC4}.Release|Any CPU.Build.0 = Release|Any CPU
	EndGlobalSection
	GlobalSection(SolutionProperties) = preSolution
		HideSolutionNode = FALSE
	EndGlobalSection
EndGlobal
